
Microsoft Visual Studio Solution File, Format Version 12.00
# Visual Studio Version 16
VisualStudioVersion = 16.0.29709.97
MinimumVisualStudioVersion = 10.0.40219.1
Project("{FAE04EC0-301F-11D3-BF4B-00C04F79EFBC}") = "WindowsFormsApp1", "WindowsFormsApp1\WindowsFormsApp1.csproj", "{F9A9633B-3E38-4BAA-BB3D-337287D83606}"
EndProject
Global
	GlobalSection(SolutionConfigurationPlatforms) = preSolution
		Debug|Any CPU = Debug|Any CPU
		Release|Any CPU = Release|Any CPU
	EndGlobalSection
	GlobalSection(ProjectConfigurationPlatforms) = postSolution
		{F9A9633B-3E38-4BAA-BB3D-337287D83606}.Debug|Any CPU.ActiveCfg = Debug|Any CPU
		{F9A9633B-3E38-4BAA-BB3D-337287D83606}.Debug|Any CPU.Build.0 = Debug|Any CPU
		{F9A9633B-3E38-4BAA-BB3D-337287D83606}.Release|Any CPU.ActiveCfg = Release|Any CPU
		{F9A9633B-3E38-4BAA-BB3D-337287D83606}.Release|Any CPU.Build.0 = Release|Any CPU
	EndGlobalSection
	GlobalSection(SolutionProperties) = preSolution
		HideSolutionNode = FALSE
	EndGlobalSection
	GlobalSection(ExtensibilityGlobals) = postSolution
		SolutionGuid = {5A09AD39-B4F9-43CC-8ABE-7E1710AEC9DD}
	EndGlobalSection
EndGlobal
